// !$*UTF8*$!
{
	archiveVersion = 1;
	classes = {
	};
	objectVersion = 48;
	objects = {

/* Begin PBXBuildFile section */
		4942B81B206E70E100159223 /* AppDelegate.m in Sources */ = {isa = PBXBuildFile; fileRef = 4942B81A206E70E100159223 /* AppDelegate.m */; };
		4942B821206E70E100159223 /* Main.storyboard in Resources */ = {isa = PBXBuildFile; fileRef = 4942B81F206E70E100159223 /* Main.storyboard */; };
		4942B823206E70E100159223 /* Assets.xcassets in Resources */ = {isa = PBXBuildFile; fileRef = 4942B822206E70E100159223 /* Assets.xcassets */; };
		4942B826206E70E100159223 /* LaunchScreen.storyboard in Resources */ = {isa = PBXBuildFile; fileRef = 4942B824206E70E100159223 /* LaunchScreen.storyboard */; };
		4942B829206E70E100159223 /* main.m in Sources */ = {isa = PBXBuildFile; fileRef = 4942B828206E70E100159223 /* main.m */; };
		4942B833206E70E100159223 /* TANTANTestProjectTests.m in Sources */ = {isa = PBXBuildFile; fileRef = 4942B832206E70E100159223 /* TANTANTestProjectTests.m */; };
		4942B83E206E70E100159223 /* TANTANTestProjectUITests.m in Sources */ = {isa = PBXBuildFile; fileRef = 4942B83D206E70E100159223 /* TANTANTestProjectUITests.m */; };
		4942B84F206E713200159223 /* HSRichTextView.m in Sources */ = {isa = PBXBuildFile; fileRef = 4942B84B206E713200159223 /* HSRichTextView.m */; };
		4942B850206E713200159223 /* ViewController.m in Sources */ = {isa = PBXBuildFile; fileRef = 4942B84C206E713200159223 /* ViewController.m */; };
		4942B853206E718200159223 /* TTFeedBackViewController.m in Sources */ = {isa = PBXBuildFile; fileRef = 4942B852206E718200159223 /* TTFeedBackViewController.m */; };
/* End PBXBuildFile section */

/* Begin PBXContainerItemProxy section */
		4942B82F206E70E100159223 /* PBXContainerItemProxy */ = {
			isa = PBXContainerItemProxy;
			containerPortal = 4942B80E206E70E100159223 /* Project object */;
			proxyType = 1;
			remoteGlobalIDString = 4942B815206E70E100159223;
			remoteInfo = TANTANTestProject;
		};
		4942B83A206E70E100159223 /* PBXContainerItemProxy */ = {
			isa = PBXContainerItemProxy;
			containerPortal = 4942B80E206E70E100159223 /* Project object */;
			proxyType = 1;
			remoteGlobalIDString = 4942B815206E70E100159223;
			remoteInfo = TANTANTestProject;
		};
/* End PBXContainerItemProxy section */

/* Begin PBXFileReference section */
		4942B816206E70E100159223 /* TANTANTestProject.app */ = {isa = PBXFileReference; explicitFileType = wrapper.application; includeInIndex = 0; path = TANTANTestProject.app; sourceTree = BUILT_PRODUCTS_DIR; };
		4942B819206E70E100159223 /* AppDelegate.h */ = {isa = PBXFileReference; lastKnownFileType = sourcecode.c.h; path = AppDelegate.h; sourceTree = "<group>"; };
		4942B81A206E70E100159223 /* AppDelegate.m */ = {isa = PBXFileReference; lastKnownFileType = sourcecode.c.objc; path = AppDelegate.m; sourceTree = "<group>"; };
		4942B820206E70E100159223 /* Base */ = {isa = PBXFileReference; lastKnownFileType = file.storyboard; name = Base; path = Base.lproj/Main.storyboard; sourceTree = "<group>"; };
		4942B822206E70E100159223 /* Assets.xcassets */ = {isa = PBXFileReference; lastKnownFileType = folder.assetcatalog; path = Assets.xcassets; sourceTree = "<group>"; };
		4942B825206E70E100159223 /* Base */ = {isa = PBXFileReference; lastKnownFileType = file.storyboard; name = Base; path = Base.lproj/LaunchScreen.storyboard; sourceTree = "<group>"; };
		4942B827206E70E100159223 /* Info.plist */ = {isa = PBXFileReference; lastKnownFileType = text.plist.xml; path = Info.plist; sourceTree = "<group>"; };
		4942B828206E70E100159223 /* main.m */ = {isa = PBXFileReference; lastKnownFileType = sourcecode.c.objc; path = main.m; sourceTree = "<group>"; };
		4942B82E206E70E100159223 /* TANTANTestProjectTests.xctest */ = {isa = PBXFileReference; explicitFileType = wrapper.cfbundle; includeInIndex = 0; path = TANTANTestProjectTests.xctest; sourceTree = BUILT_PRODUCTS_DIR; };
		4942B832206E70E100159223 /* TANTANTestProjectTests.m */ = {isa = PBXFileReference; lastKnownFileType = sourcecode.c.objc; path = TANTANTestProjectTests.m; sourceTree = "<group>"; };
		4942B834206E70E100159223 /* Info.plist */ = {isa = PBXFileReference; lastKnownFileType = text.plist.xml; path = Info.plist; sourceTree = "<group>"; };
		4942B839206E70E100159223 /* TANTANTestProjectUITests.xctest */ = {isa = PBXFileReference; explicitFileType = wrapper.cfbundle; includeInIndex = 0; path = TANTANTestProjectUITests.xctest; sourceTree = BUILT_PRODUCTS_DIR; };
		4942B83D206E70E100159223 /* TANTANTestProjectUITests.m */ = {isa = PBXFileReference; lastKnownFileType = sourcecode.c.objc; path = TANTANTestProjectUITests.m; sourceTree = "<group>"; };
		4942B83F206E70E100159223 /* Info.plist */ = {isa = PBXFileReference; lastKnownFileType = text.plist.xml; path = Info.plist; sourceTree = "<group>"; };
		4942B84B206E713200159223 /* HSRichTextView.m */ = {isa = PBXFileReference; fileEncoding = 4; lastKnownFileType = sourcecode.c.objc; path = HSRichTextView.m; sourceTree = "<group>"; };
		4942B84C206E713200159223 /* ViewController.m */ = {isa = PBXFileReference; fileEncoding = 4; lastKnownFileType = sourcecode.c.objc; path = ViewController.m; sourceTree = "<group>"; };
		4942B84D206E713200159223 /* HSRichTextView.h */ = {isa = PBXFileReference; fileEncoding = 4; lastKnownFileType = sourcecode.c.h; path = HSRichTextView.h; sourceTree = "<group>"; };
		4942B84E206E713200159223 /* ViewController.h */ = {isa = PBXFileReference; fileEncoding = 4; lastKnownFileType = sourcecode.c.h; path = ViewController.h; sourceTree = "<group>"; };
		4942B851206E718200159223 /* TTFeedBackViewController.h */ = {isa = PBXFileReference; lastKnownFileType = sourcecode.c.h; path = TTFeedBackViewController.h; sourceTree = "<group>"; };
		4942B852206E718200159223 /* TTFeedBackViewController.m */ = {isa = PBXFileReference; lastKnownFileType = sourcecode.c.objc; path = TTFeedBackViewController.m; sourceTree = "<group>"; };
/* End PBXFileReference section */

/* Begin PBXFrameworksBuildPhase section */
		4942B813206E70E100159223 /* Frameworks */ = {
			isa = PBXFrameworksBuildPhase;
			buildActionMask = 2147483647;
			files = (
			);
			runOnlyForDeploymentPostprocessing = 0;
		};
		4942B82B206E70E100159223 /* Frameworks */ = {
			isa = PBXFrameworksBuildPhase;
			buildActionMask = 2147483647;
			files = (
			);
			runOnlyForDeploymentPostprocessing = 0;
		};
		4942B836206E70E100159223 /* Frameworks */ = {
			isa = PBXFrameworksBuildPhase;
			buildActionMask = 2147483647;
			files = (
			);
			runOnlyForDeploymentPostprocessing = 0;
		};
/* End PBXFrameworksBuildPhase section */

/* Begin PBXGroup section */
		4942B80D206E70E100159223 = {
			isa = PBXGroup;
			children = (
				4942B818206E70E100159223 /* TANTANTestProject */,
				4942B831206E70E100159223 /* TANTANTestProjectTests */,
				4942B83C206E70E100159223 /* TANTANTestProjectUITests */,
				4942B817206E70E100159223 /* Products */,
			);
			sourceTree = "<group>";
		};
		4942B817206E70E100159223 /* Products */ = {
			isa = PBXGroup;
			children = (
				4942B816206E70E100159223 /* TANTANTestProject.app */,
				4942B82E206E70E100159223 /* TANTANTestProjectTests.xctest */,
				4942B839206E70E100159223 /* TANTANTestProjectUITests.xctest */,
			);
			name = Products;
			sourceTree = "<group>";
		};
		4942B818206E70E100159223 /* TANTANTestProject */ = {
			isa = PBXGroup;
			children = (
				4942B819206E70E100159223 /* AppDelegate.h */,
				4942B81A206E70E100159223 /* AppDelegate.m */,
				4942B84D206E713200159223 /* HSRichTextView.h */,
				4942B84B206E713200159223 /* HSRichTextView.m */,
				4942B851206E718200159223 /* TTFeedBackViewController.h */,
				4942B852206E718200159223 /* TTFeedBackViewController.m */,
				4942B84E206E713200159223 /* ViewController.h */,
				4942B84C206E713200159223 /* ViewController.m */,
				4942B81F206E70E100159223 /* Main.storyboard */,
				4942B822206E70E100159223 /* Assets.xcassets */,
				4942B824206E70E100159223 /* LaunchScreen.storyboard */,
				4942B827206E70E100159223 /* Info.plist */,
				4942B828206E70E100159223 /* main.m */,
			);
			path = TANTANTestProject;
			sourceTree = "<group>";
		};
		4942B831206E70E100159223 /* TANTANTestProjectTests */ = {
			isa = PBXGroup;
			children = (
				4942B832206E70E100159223 /* TANTANTestProjectTests.m */,
				4942B834206E70E100159223 /* Info.plist */,
			);
			path = TANTANTestProjectTests;
			sourceTree = "<group>";
		};
		4942B83C206E70E100159223 /* TANTANTestProjectUITests */ = {
			isa = PBXGroup;
			children = (
				4942B83D206E70E100159223 /* TANTANTestProjectUITests.m */,
				4942B83F206E70E100159223 /* Info.plist */,
			);
			path = TANTANTestProjectUITests;
			sourceTree = "<group>";
		};
/* End PBXGroup section */

/* Begin PBXNativeTarget section */
		4942B815206E70E100159223 /* TANTANTestProject */ = {
			isa = PBXNativeTarget;
			buildConfigurationList = 4942B842206E70E100159223 /* Build configuration list for PBXNativeTarget "TANTANTestProject" */;
			buildPhases = (
				4942B812206E70E100159223 /* Sources */,
				4942B813206E70E100159223 /* Frameworks */,
				4942B814206E70E100159223 /* Resources */,
			);
			buildRules = (
			);
			dependencies = (
			);
			name = TANTANTestProject;
			productName = TANTANTestProject;
			productReference = 4942B816206E70E100159223 /* TANTANTestProject.app */;
			productType = "com.apple.product-type.application";
		};
		4942B82D206E70E100159223 /* TANTANTestProjectTests */ = {
			isa = PBXNativeTarget;
			buildConfigurationList = 4942B845206E70E100159223 /* Build configuration list for PBXNativeTarget "TANTANTestProjectTests" */;
			buildPhases = (
				4942B82A206E70E100159223 /* Sources */,
				4942B82B206E70E100159223 /* Frameworks */,
				4942B82C206E70E100159223 /* Resources */,
			);
			buildRules = (
			);
			dependencies = (
				4942B830206E70E100159223 /* PBXTargetDependency */,
			);
			name = TANTANTestProjectTests;
			productName = TANTANTestProjectTests;
			productReference = 4942B82E206E70E100159223 /* TANTANTestProjectTests.xctest */;
			productType = "com.apple.product-type.bundle.unit-test";
		};
		4942B838206E70E100159223 /* TANTANTestProjectUITests */ = {
			isa = PBXNativeTarget;
			buildConfigurationList = 4942B848206E70E100159223 /* Build configuration list for PBXNativeTarget "TANTANTestProjectUITests" */;
			buildPhases = (
				4942B835206E70E100159223 /* Sources */,
				4942B836206E70E100159223 /* Frameworks */,
				4942B837206E70E100159223 /* Resources */,
			);
			buildRules = (
			);
			dependencies = (
				4942B83B206E70E100159223 /* PBXTargetDependency */,
			);
			name = TANTANTestProjectUITests;
			productName = TANTANTestProjectUITests;
			productReference = 4942B839206E70E100159223 /* TANTANTestProjectUITests.xctest */;
			productType = "com.apple.product-type.bundle.ui-testing";
		};
/* End PBXNativeTarget section */

/* Begin PBXProject section */
		4942B80E206E70E100159223 /* Project object */ = {
			isa = PBXProject;
			attributes = {
				LastUpgradeCheck = 0920;
				ORGANIZATIONNAME = sonheng;
				TargetAttributes = {
					4942B815206E70E100159223 = {
						CreatedOnToolsVersion = 9.2;
						ProvisioningStyle = Manual;
					};
					4942B82D206E70E100159223 = {
						CreatedOnToolsVersion = 9.2;
						ProvisioningStyle = Automatic;
						TestTargetID = 4942B815206E70E100159223;
					};
					4942B838206E70E100159223 = {
						CreatedOnToolsVersion = 9.2;
						ProvisioningStyle = Automatic;
						TestTargetID = 4942B815206E70E100159223;
					};
				};
			};
			buildConfigurationList = 4942B811206E70E100159223 /* Build configuration list for PBXProject "TANTANTestProject" */;
			compatibilityVersion = "Xcode 8.0";
			developmentRegion = en;
			hasScannedForEncodings = 0;
			knownRegions = (
				en,
				Base,
			);
			mainGroup = 4942B80D206E70E100159223;
			productRefGroup = 4942B817206E70E100159223 /* Products */;
			projectDirPath = "";
			projectRoot = "";
			targets = (
				4942B815206E70E100159223 /* TANTANTestProject */,
				4942B82D206E70E100159223 /* TANTANTestProjectTests */,
				4942B838206E70E100159223 /* TANTANTestProjectUITests */,
			);
		};
/* End PBXProject section */

/* Begin PBXResourcesBuildPhase section */
		4942B814206E70E100159223 /* Resources */ = {
			isa = PBXResourcesBuildPhase;
			buildActionMask = 2147483647;
			files = (
				4942B826206E70E100159223 /* LaunchScreen.storyboard in Resources */,
				4942B823206E70E100159223 /* Assets.xcassets in Resources */,
				4942B821206E70E100159223 /* Main.storyboard in Resources */,
			);
			runOnlyForDeploymentPostprocessing = 0;
		};
		4942B82C206E70E100159223 /* Resources */ = {
			isa = PBXResourcesBuildPhase;
			buildActionMask = 2147483647;
			files = (
			);
			runOnlyForDeploymentPostprocessing = 0;
		};
		4942B837206E70E100159223 /* Resources */ = {
			isa = PBXResourcesBuildPhase;
			buildActionMask = 2147483647;
			files = (
			);
			runOnlyForDeploymentPostprocessing = 0;
		};
/* End PBXResourcesBuildPhase section */

/* Begin PBXSourcesBuildPhase section */
		4942B812206E70E100159223 /* Sources */ = {
			isa = PBXSourcesBuildPhase;
			buildActionMask = 2147483647;
			files = (
				4942B829206E70E100159223 /* main.m in Sources */,
				4942B84F206E713200159223 /* HSRichTextView.m in Sources */,
				4942B850206E713200159223 /* ViewController.m in Sources */,
				4942B853206E718200159223 /* TTFeedBackViewController.m in Sources */,
				4942B81B206E70E100159223 /* AppDelegate.m in Sources */,
			);
			runOnlyForDeploymentPostprocessing = 0;
		};
		4942B82A206E70E100159223 /* Sources */ = {
			isa = PBXSourcesBuildPhase;
			buildActionMask = 2147483647;
			files = (
				4942B833206E70E100159223 /* TANTANTestProjectTests.m in Sources */,
			);
			runOnlyForDeploymentPostprocessing = 0;
		};
		4942B835206E70E100159223 /* Sources */ = {
			isa = PBXSourcesBuildPhase;
			buildActionMask = 2147483647;
			files = (
				4942B83E206E70E100159223 /* TANTANTestProjectUITests.m in Sources */,
			);
			runOnlyForDeploymentPostprocessing = 0;
		};
/* End PBXSourcesBuildPhase section */

/* Begin PBXTargetDependency section */
		4942B830206E70E100159223 /* PBXTargetDependency */ = {
			isa = PBXTargetDependency;
			target = 4942B815206E70E100159223 /* TANTANTestProject */;
			targetProxy = 4942B82F206E70E100159223 /* PBXContainerItemProxy */;
		};
		4942B83B206E70E100159223 /* PBXTargetDependency */ = {
			isa = PBXTargetDependency;
			target = 4942B815206E70E100159223 /* TANTANTestProject */;
			targetProxy = 4942B83A206E70E100159223 /* PBXContainerItemProxy */;
		};
/* End PBXTargetDependency section */

/* Begin PBXVariantGroup section */
		4942B81F206E70E100159223 /* Main.storyboard */ = {
			isa = PBXVariantGroup;
			children = (
				4942B820206E70E100159223 /* Base */,
			);
			name = Main.storyboard;
			sourceTree = "<group>";
		};
		4942B824206E70E100159223 /* LaunchScreen.storyboard */ = {
			isa = PBXVariantGroup;
			children = (
				4942B825206E70E100159223 /* Base */,
			);
			name = LaunchScreen.storyboard;
			sourceTree = "<group>";
		};
/* End PBXVariantGroup section */

/* Begin XCBuildConfiguration section */
		4942B840206E70E100159223 /* Debug */ = {
			isa = XCBuildConfiguration;
			buildSettings = {
				ALWAYS_SEARCH_USER_PATHS = NO;
				CLANG_ANALYZER_NONNULL = YES;
				CLANG_ANALYZER_NUMBER_OBJECT_CONVERSION = YES_AGGRESSIVE;
				CLANG_CXX_LANGUAGE_STANDARD = "gnu++14";
				CLANG_CXX_LIBRARY = "libc++";
				CLANG_ENABLE_MODULES = YES;
				CLANG_ENABLE_OBJC_ARC = YES;
				CLANG_WARN_BLOCK_CAPTURE_AUTORELEASING = YES;
				CLANG_WARN_BOOL_CONVERSION = YES;
				CLANG_WARN_COMMA = YES;
				CLANG_WARN_CONSTANT_CONVERSION = YES;
				CLANG_WARN_DIRECT_OBJC_ISA_USAGE = YES_ERROR;
				CLANG_WARN_DOCUMENTATION_COMMENTS = YES;
				CLANG_WARN_EMPTY_BODY = YES;
				CLANG_WARN_ENUM_CONVERSION = YES;
				CLANG_WARN_INFINITE_RECURSION = YES;
				CLANG_WARN_INT_CONVERSION = YES;
				CLANG_WARN_NON_LITERAL_NULL_CONVERSION = YES;
				CLANG_WARN_OBJC_LITERAL_CONVERSION = YES;
				CLANG_WARN_OBJC_ROOT_CLASS = YES_ERROR;
				CLANG_WARN_RANGE_LOOP_ANALYSIS = YES;
				CLANG_WARN_STRICT_PROTOTYPES = YES;
				CLANG_WARN_SUSPICIOUS_MOVE = YES;
				CLANG_WARN_UNGUARDED_AVAILABILITY = YES_AGGRESSIVE;
				CLANG_WARN_UNREACHABLE_CODE = YES;
				CLANG_WARN__DUPLICATE_METHOD_MATCH = YES;
				CODE_SIGN_IDENTITY = "iPhone Developer";
				COPY_PHASE_STRIP = NO;
				DEBUG_INFORMATION_FORMAT = dwarf;
				ENABLE_STRICT_OBJC_MSGSEND = YES;
				ENABLE_TESTABILITY = YES;
				GCC_C_LANGUAGE_STANDARD = gnu11;
				GCC_DYNAMIC_NO_PIC = NO;
				GCC_NO_COMMON_BLOCKS = YES;
				GCC_OPTIMIZATION_LEVEL = 0;
				GCC_PREPROCESSOR_DEFINITIONS = (
					"DEBUG=1",
					"$(inherited)",
				);
				GCC_WARN_64_TO_32_BIT_CONVERSION = YES;
				GCC_WARN_ABOUT_RETURN_TYPE = YES_ERROR;
				GCC_WARN_UNDECLARED_SELECTOR = YES;
				GCC_WARN_UNINITIALIZED_AUTOS = YES_AGGRESSIVE;
				GCC_WARN_UNUSED_FUNCTION = YES;
				GCC_WARN_UNUSED_VARIABLE = YES;
				IPHONEOS_DEPLOYMENT_TARGET = 11.2;
				MTL_ENABLE_DEBUG_INFO = YES;
				ONLY_ACTIVE_ARCH = YES;
				SDKROOT = iphoneos;
			};
			name = Debug;
		};
		4942B841206E70E100159223 /* Release */ = {
			isa = XCBuildConfiguration;
			buildSettings = {
				ALWAYS_SEARCH_USER_PATHS = NO;
				CLANG_ANALYZER_NONNULL = YES;
				CLANG_ANALYZER_NUMBER_OBJECT_CONVERSION = YES_AGGRESSIVE;
				CLANG_CXX_LANGUAGE_STANDARD = "gnu++14";
				CLANG_CXX_LIBRARY = "libc++";
				CLANG_ENABLE_MODULES = YES;
				CLANG_ENABLE_OBJC_ARC = YES;
				CLANG_WARN_BLOCK_CAPTURE_AUTORELEASING = YES;
				CLANG_WARN_BOOL_CONVERSION = YES;
				CLANG_WARN_COMMA = YES;
				CLANG_WARN_CONSTANT_CONVERSION = YES;
				CLANG_WARN_DIRECT_OBJC_ISA_USAGE = YES_ERROR;
				CLANG_WARN_DOCUMENTATION_COMMENTS = YES;
				CLANG_WARN_EMPTY_BODY = YES;
				CLANG_WARN_ENUM_CONVERSION = YES;
				CLANG_WARN_INFINITE_RECURSION = YES;
				CLANG_WARN_INT_CONVERSION = YES;
				CLANG_WARN_NON_LITERAL_NULL_CONVERSION = YES;
				CLANG_WARN_OBJC_LITERAL_CONVERSION = YES;
				CLANG_WARN_OBJC_ROOT_CLASS = YES_ERROR;
				CLANG_WARN_RANGE_LOOP_ANALYSIS = YES;
				CLANG_WARN_STRICT_PROTOTYPES = YES;
				CLANG_WARN_SUSPICIOUS_MOVE = YES;
				CLANG_WARN_UNGUARDED_AVAILABILITY = YES_AGGRESSIVE;
				CLANG_WARN_UNREACHABLE_CODE = YES;
				CLANG_WARN__DUPLICATE_METHOD_MATCH = YES;
				CODE_SIGN_IDENTITY = "iPhone Developer";
				COPY_PHASE_STRIP = NO;
				DEBUG_INFORMATION_FORMAT = "dwarf-with-dsym";
				ENABLE_NS_ASSERTIONS = NO;
				ENABLE_STRICT_OBJC_MSGSEND = YES;
				GCC_C_LANGUAGE_STANDARD = gnu11;
				GCC_NO_COMMON_BLOCKS = YES;
				GCC_WARN_64_TO_32_BIT_CONVERSION = YES;
				GCC_WARN_ABOUT_RETURN_TYPE = YES_ERROR;
				GCC_WARN_UNDECLARED_SELECTOR = YES;
				GCC_WARN_UNINITIALIZED_AUTOS = YES_AGGRESSIVE;
				GCC_WARN_UNUSED_FUNCTION = YES;
				GCC_WARN_UNUSED_VARIABLE = YES;
				IPHONEOS_DEPLOYMENT_TARGET = 11.2;
				MTL_ENABLE_DEBUG_INFO = NO;
				SDKROOT = iphoneos;
				VALIDATE_PRODUCT = YES;
			};
			name = Release;
		};
		4942B843206E70E100159223 /* Debug */ = {
			isa = XCBuildConfiguration;
			buildSettings = {
				ASSETCATALOG_COMPILER_APPICON_NAME = AppIcon;
				CODE_SIGN_STYLE = Manual;
				DEVELOPMENT_TEAM = "";
				INFOPLIST_FILE = TANTANTestProject/Info.plist;
				LD_RUNPATH_SEARCH_PATHS = "$(inherited) @executable_path/Frameworks";
				PRODUCT_BUNDLE_IDENTIFIER = "-23.TANTANTestProject";
				PRODUCT_NAME = "$(TARGET_NAME)";
				PROVISIONING_PROFILE_SPECIFIER = "";
				TARGETED_DEVICE_FAMILY = "1,2";
			};
			name = Debug;
		};
		4942B844206E70E100159223 /* Release */ = {
			isa = XCBuildConfiguration;
			buildSettings = {
				ASSETCATALOG_COMPILER_APPICON_NAME = AppIcon;
				CODE_SIGN_STYLE = Manual;
				DEVELOPMENT_TEAM = "";
				INFOPLIST_FILE = TANTANTestProject/Info.plist;
				LD_RUNPATH_SEARCH_PATHS = "$(inherited) @executable_path/Frameworks";
				PRODUCT_BUNDLE_IDENTIFIER = "-23.TANTANTestProject";
				PRODUCT_NAME = "$(TARGET_NAME)";
				PROVISIONING_PROFILE_SPECIFIER = "";
				TARGETED_DEVICE_FAMILY = "1,2";
			};
			name = Release;
		};
		4942B846206E70E100159223 /* Debug */ = {
			isa = XCBuildConfiguration;
			buildSettings = {
				BUNDLE_LOADER = "$(TEST_HOST)";
				CODE_SIGN_STYLE = Automatic;
				INFOPLIST_FILE = TANTANTestProjectTests/Info.plist;
				LD_RUNPATH_SEARCH_PATHS = "$(inherited) @executable_path/Frameworks @loader_path/Frameworks";
				PRODUCT_BUNDLE_IDENTIFIER = "-23.TANTANTestProjectTests";
				PRODUCT_NAME = "$(TARGET_NAME)";
				TARGETED_DEVICE_FAMILY = "1,2";
				TEST_HOST = "$(BUILT_PRODUCTS_DIR)/TANTANTestProject.app/TANTANTestProject";
			};
			name = Debug;
		};
		4942B847206E70E100159223 /* Release */ = {
			isa = XCBuildConfiguration;
			buildSettings = {
				BUNDLE_LOADER = "$(TEST_HOST)";
				CODE_SIGN_STYLE = Automatic;
				INFOPLIST_FILE = TANTANTestProjectTests/Info.plist;
				LD_RUNPATH_SEARCH_PATHS = "$(inherited) @executable_path/Frameworks @loader_path/Frameworks";
				PRODUCT_BUNDLE_IDENTIFIER = "-23.TANTANTestProjectTests";
				PRODUCT_NAME = "$(TARGET_NAME)";
				TARGETED_DEVICE_FAMILY = "1,2";
				TEST_HOST = "$(BUILT_PRODUCTS_DIR)/TANTANTestProject.app/TANTANTestProject";
			};
			name = Release;
		};
		4942B849206E70E100159223 /* Debug */ = {
			isa = XCBuildConfiguration;
			buildSettings = {
				CODE_SIGN_STYLE = Automatic;
				INFOPLIST_FILE = TANTANTestProjectUITests/Info.plist;
				LD_RUNPATH_SEARCH_PATHS = "$(inherited) @executable_path/Frameworks @loader_path/Frameworks";
				PRODUCT_BUNDLE_IDENTIFIER = "-23.TANTANTestProjectUITests";
				PRODUCT_NAME = "$(TARGET_NAME)";
				TARGETED_DEVICE_FAMILY = "1,2";
				TEST_TARGET_NAME = TANTANTestProject;
			};
			name = Debug;
		};
		4942B84A206E70E100159223 /* Release */ = {
			isa = XCBuildConfiguration;
			buildSettings = {
				CODE_SIGN_STYLE = Automatic;
				INFOPLIST_FILE = TANTANTestProjectUITests/Info.plist;
				LD_RUNPATH_SEARCH_PATHS = "$(inherited) @executable_path/Frameworks @loader_path/Frameworks";
				PRODUCT_BUNDLE_IDENTIFIER = "-23.TANTANTestProjectUITests";
				PRODUCT_NAME = "$(TARGET_NAME)";
				TARGETED_DEVICE_FAMILY = "1,2";
				TEST_TARGET_NAME = TANTANTestProject;
			};
			name = Release;
		};
/* End XCBuildConfiguration section */

/* Begin XCConfigurationList section */
		4942B811206E70E100159223 /* Build configuration list for PBXProject "TANTANTestProject" */ = {
			isa = XCConfigurationList;
			buildConfigurations = (
				4942B840206E70E100159223 /* Debug */,
				4942B841206E70E100159223 /* Release */,
			);
			defaultConfigurationIsVisible = 0;
			defaultConfigurationName = Release;
		};
		4942B842206E70E100159223 /* Build configuration list for PBXNativeTarget "TANTANTestProject" */ = {
			isa = XCConfigurationList;
			buildConfigurations = (
				4942B843206E70E100159223 /* Debug */,
				4942B844206E70E100159223 /* Release */,
			);
			defaultConfigurationIsVisible = 0;
			defaultConfigurationName = Release;
		};
		4942B845206E70E100159223 /* Build configuration list for PBXNativeTarget "TANTANTestProjectTests" */ = {
			isa = XCConfigurationList;
			buildConfigurations = (
				4942B846206E70E100159223 /* Debug */,
				4942B847206E70E100159223 /* Release */,
			);
			defaultConfigurationIsVisible = 0;
			defaultConfigurationName = Release;
		};
		4942B848206E70E100159223 /* Build configuration list for PBXNativeTarget "TANTANTestProjectUITests" */ = {
			isa = XCConfigurationList;
			buildConfigurations = (
				4942B849206E70E100159223 /* Debug */,
				4942B84A206E70E100159223 /* Release */,
			);
			defaultConfigurationIsVisible = 0;
			defaultConfigurationName = Release;
		};
/* End XCConfigurationList section */
	};
	rootObject = 4942B80E206E70E100159223 /* Project object */;
}
